
Microsoft Visual Studio Solution File, Format Version 12.00
# Visual Studio Version 17
VisualStudioVersion = 17.7.34024.191
MinimumVisualStudioVersion = 10.0.40219.1
Project("{FAE04EC0-301F-11D3-BF4B-00C04F79EFBC}") = "Facade-1125", "Facade-1125.csproj", "{EC22CF8F-BAAC-4EAB-BB53-8A4B8DDEDB10}"
EndProject
Global
	GlobalSection(SolutionConfigurationPlatforms) = preSolution
		Debug|Any CPU = Debug|Any CPU
		Release|Any CPU = Release|Any CPU
	EndGlobalSection
	GlobalSection(ProjectConfigurationPlatforms) = postSolution
		{EC22CF8F-BAAC-4EAB-BB53-8A4B8DDEDB10}.Debug|Any CPU.ActiveCfg = Debug|Any CPU
		{EC22CF8F-BAAC-4EAB-BB53-8A4B8DDEDB10}.Debug|Any CPU.Build.0 = Debug|Any CPU
		{EC22CF8F-BAAC-4EAB-BB53-8A4B8DDEDB10}.Release|Any CPU.ActiveCfg = Release|Any CPU
		{EC22CF8F-BAAC-4EAB-BB53-8A4B8DDEDB10}.Release|Any CPU.Build.0 = Release|Any CPU
	EndGlobalSection
	GlobalSection(SolutionProperties) = preSolution
		HideSolutionNode = FALSE
	EndGlobalSection
	GlobalSection(ExtensibilityGlobals) = postSolution
		SolutionGuid = {CBCFE72D-46CD-4DBB-9E3C-881D15877771}
	EndGlobalSection
EndGlobal
